{
  "version": "5",
  "specifiers": {
    "jsr:@supabase/functions-js@*": "2.117.3"
  },
  "jsr": {
    "@supabase/functions-js@2.117.3": {
      "integrity": "ecc3b8567ecf8758e01a008717a542bebfeaa993a1719bda599e98e721721e8b"
    }
  },
  "workspace": {
    "packageJson": {
      "dependencies": [
        "npm:@playwright/test@^1.63.0",
        "npm:@supabase/supabase-js@^2.112.3",
        "npm:@vitejs/plugin-react@^4.3.1",
        "npm:jspdf@^4.2.1",
        "npm:pdfjs-dist@^4.10.38",
        "npm:react-dom@^18.3.1",
        "npm:react@^18.3.1",
        "npm:recharts@^2.12.7",
        "npm:vite-plugin-singlefile@^2.0.1",
        "npm:vite@^5.4.0",
        "npm:vitest@^2.0.5"
      ]
    }
  }
}
